
Microsoft Visual Studio Solution File, Format Version 12.00
# Visual Studio Version 16
VisualStudioVersion = 16.0.29411.108
MinimumVisualStudioVersion = 10.0.40219.1
Project("{FAE04EC0-301F-11D3-BF4B-00C04F79EFBC}") = "WebAppWeather", "WebAppWeather\WebAppWeather.csproj", "{1BB893C0-D5CF-4257-9A6E-3ADB710E2E4D}"
EndProject
Global
	GlobalSection(SolutionConfigurationPlatforms) = preSolution
		Debug|Any CPU = Debug|Any CPU
		Release|Any CPU = Release|Any CPU
	EndGlobalSection
	GlobalSection(ProjectConfigurationPlatforms) = postSolution
		{1BB893C0-D5CF-4257-9A6E-3ADB710E2E4D}.Debug|Any CPU.ActiveCfg = Debug|Any CPU
		{1BB893C0-D5CF-4257-9A6E-3ADB710E2E4D}.Debug|Any CPU.Build.0 = Debug|Any CPU
		{1BB893C0-D5CF-4257-9A6E-3ADB710E2E4D}.Release|Any CPU.ActiveCfg = Release|Any CPU
		{1BB893C0-D5CF-4257-9A6E-3ADB710E2E4D}.Release|Any CPU.Build.0 = Release|Any CPU
	EndGlobalSection
	GlobalSection(SolutionProperties) = preSolution
		HideSolutionNode = FALSE
	EndGlobalSection
	GlobalSection(ExtensibilityGlobals) = postSolution
		SolutionGuid = {695F5A83-499D-4878-B87A-30DBBD62CAEE}
	EndGlobalSection
EndGlobal
